# Run ./gradlew --write-locks to regenerate this file
ant:ant:1.6.5 (1 constraints: bb0a41d8)
aopalliance:aopalliance:1.0 (1 constraints: 170a83ac)
com.carrotsearch:hppc:0.7.2 (2 constraints: 6f185abf)
com.clearspring.analytics:stream:2.9.6 (1 constraints: 220ddd36)
com.esotericsoftware:kryo-shaded:4.0.2 (2 constraints: b71345a6)
com.esotericsoftware:minlog:1.3.0 (1 constraints: 670e7c4f)
com.esri.geometry:esri-geometry-api:2.0.0 (1 constraints: 5a0dac2c)
com.fasterxml.jackson.core:jackson-annotations:2.9.7 (12 constraints: 04c53f82)
com.fasterxml.jackson.core:jackson-core:2.9.7 (17 constraints: b0135813)
com.fasterxml.jackson.core:jackson-databind:2.9.7 (27 constraints: 2aa7fb81)
com.fasterxml.jackson.dataformat:jackson-dataformat-yaml:2.9.7 (1 constraints: 230dde36)
com.fasterxml.jackson.jaxrs:jackson-jaxrs-base:2.9.5 (1 constraints: 4f170226)
com.fasterxml.jackson.jaxrs:jackson-jaxrs-json-provider:2.9.5 (1 constraints: 7b0f1281)
com.fasterxml.jackson.module:jackson-module-jaxb-annotations:2.9.5 (2 constraints: c92606c0)
com.fasterxml.jackson.module:jackson-module-paranamer:2.9.7 (1 constraints: e0154600)
com.fasterxml.jackson.module:jackson-module-scala_2.11:2.9.7 (1 constraints: 230dde36)
com.fasterxml.woodstox:woodstox-core:5.0.3 (1 constraints: 8c0d472f)
com.github.joshelser:dropwizard-metrics-hadoop-metrics2-reporter:0.1.2 (2 constraints: 721deb25)
com.github.luben:zstd-jni:1.3.5-3 (1 constraints: 7a0d8651)
com.github.stephenc.jcip:jcip-annotations:1.0-1 (1 constraints: 930cbb09)
com.google.code.findbugs:jsr305:3.0.2 (13 constraints: 2fab5cb9)
com.google.code.gson:gson:2.2.4 (5 constraints: 3b40b359)
com.google.errorprone:error_prone_annotations:2.1.3 (1 constraints: 180aebb4)
com.google.flatbuffers:flatbuffers-java:1.9.0 (2 constraints: e5199714)
com.google.guava:guava:23.6.1-jre (29 constraints: 47b53690)
com.google.inject:guice:4.0 (9 constraints: c4a89001)
com.google.inject.extensions:guice-servlet:4.0 (11 constraints: b3d51235)
com.google.j2objc:j2objc-annotations:1.1 (1 constraints: b609eba0)
com.google.protobuf:protobuf-java:3.3.0 (20 constraints: 9a57c5b0)
com.google.re2j:re2j:1.1 (1 constraints: 280d5714)
com.googlecode.javaewah:JavaEWAH:0.3.2 (1 constraints: ea0dfc42)
com.jcraft:jsch:0.1.54 (1 constraints: be0df13c)
com.jolbox:bonecp:0.8.0.RELEASE (3 constraints: 6f353f16)
com.nimbusds:nimbus-jose-jwt:4.41.1 (2 constraints: 6a1a5b39)
com.ning:compress-lzf:1.0.4 (1 constraints: 160dbb36)
com.palantir.safe-logging:safe-logging:1.5.1 (1 constraints: 180dc736)
com.squareup.okhttp:okhttp:2.7.5 (1 constraints: 5a0fe17e)
com.squareup.okio:okio:1.6.0 (1 constraints: 1e0c1ff2)
com.sun.jersey:jersey-client:1.19 (5 constraints: f368021d)
com.sun.jersey:jersey-core:1.19 (9 constraints: a5917fe2)
com.sun.jersey:jersey-json:1.19 (5 constraints: 8960a20b)
com.sun.jersey:jersey-server:1.19 (4 constraints: 19366016)
com.sun.jersey:jersey-servlet:1.19 (2 constraints: f01c32fb)
com.sun.jersey.contribs:jersey-guice:1.19 (4 constraints: 2953e7e4)
com.sun.xml.bind:jaxb-impl:2.2.3-1 (1 constraints: 330c2404)
com.thoughtworks.paranamer:paranamer:2.8 (4 constraints: 66361b1c)
com.twitter:chill-java:0.9.3 (2 constraints: a716716f)
com.twitter:chill_2.11:0.9.3 (2 constraints: 121b92c3)
com.twitter:parquet-hadoop-bundle:1.6.0 (1 constraints: ec0d0843)
com.univocity:univocity-parsers:2.7.3 (2 constraints: 9c1b34f6)
com.yahoo.datasketches:memory:0.9.0 (1 constraints: ba0f7c8a)
com.yahoo.datasketches:sketches-core:0.9.0 (1 constraints: 610dbd2c)
com.zaxxer:HikariCP:2.6.1 (2 constraints: c91e3295)
commons-beanutils:commons-beanutils:1.9.3 (1 constraints: 910d4e2f)
commons-cli:commons-cli:1.4 (12 constraints: 559e6e7b)
commons-codec:commons-codec:1.11 (21 constraints: f815d05a)
commons-collections:commons-collections:3.2.2 (3 constraints: 8637c01e)
commons-daemon:commons-daemon:1.0.13 (2 constraints: 641d7d3b)
commons-dbcp:commons-dbcp:1.4 (4 constraints: bd3a8e6d)
commons-el:commons-el:1.0 (1 constraints: fb077074)
commons-httpclient:commons-httpclient:3.1 (3 constraints: 9a1fb04c)
commons-io:commons-io:2.5 (11 constraints: 4ca0ea52)
commons-lang:commons-lang:2.6 (13 constraints: 51ad0d48)
commons-logging:commons-logging:1.2 (27 constraints: 139a0e72)
commons-net:commons-net:3.6 (4 constraints: 4c324d5b)
commons-pool:commons-pool:1.6 (4 constraints: e336ab5e)
dk.brics.automaton:automaton:1.11-8 (1 constraints: 92088a8d)
dnsjava:dnsjava:2.1.7 (2 constraints: f21ddc52)
hsqldb:hsqldb:1.8.0.10 (1 constraints: f008499f)
io.airlift:aircompressor:0.10 (1 constraints: 090a9fb2)
io.dropwizard.metrics:metrics-core:3.2.6 (13 constraints: 19d0b4d7)
io.dropwizard.metrics:metrics-graphite:3.2.6 (1 constraints: 1c0dcd36)
io.dropwizard.metrics:metrics-json:3.2.6 (3 constraints: 8f2aba14)
io.dropwizard.metrics:metrics-jvm:3.2.6 (3 constraints: 8f2aba14)
io.netty:netty:3.10.6.Final (9 constraints: 34b2ad50)
io.netty:netty-all:4.1.30.Final (3 constraints: ca31a625)
io.netty:netty-buffer:4.1.22.Final (2 constraints: 831e679e)
io.netty:netty-common:4.1.22.Final (3 constraints: ba2aabe4)
javax.activation:activation:1.1.1 (1 constraints: 140dbb36)
javax.annotation:javax.annotation-api:1.3.2 (3 constraints: 55341c48)
javax.inject:javax.inject:1 (4 constraints: 852d0c1a)
javax.jdo:jdo-api:3.0.1 (2 constraints: 4c1dcc1a)
javax.servlet:javax.servlet-api:3.1.0 (12 constraints: a2cb7423)
javax.servlet.jsp:jsp-api:2.1 (1 constraints: 290d5a14)
javax.transaction:jta:1.1 (1 constraints: 9f07d96b)
javax.transaction:transaction-api:1.1 (1 constraints: 0a0b64c9)
javax.validation:validation-api:1.1.0.Final (1 constraints: 13133130)
javax.ws.rs:javax.ws.rs-api:2.0.1 (5 constraints: 6e649355)
javax.ws.rs:jsr311-api:1.1.1 (2 constraints: b0213787)
javax.xml.bind:jaxb-api:2.2.11 (8 constraints: d48e3586)
javolution:javolution:5.5.1 (4 constraints: ac3834cb)
jline:jline:2.14.3 (3 constraints: b21b12e7)
joda-time:joda-time:2.10 (6 constraints: c5402aa1)
junit:junit:4.12 (3 constraints: 941a9e7e)
log4j:apache-log4j-extras:1.2.17 (1 constraints: 200e1d51)
log4j:log4j:1.2.17 (9 constraints: b684136d)
net.hydromatic:aggdesigner-algorithm:6.0 (1 constraints: 000d3412)
net.java.dev.jets3t:jets3t:0.7.1 (1 constraints: 60080385)
net.minidev:accessors-smart:1.2 (1 constraints: e60926a4)
net.minidev:json-smart:2.3 (2 constraints: 611a4d4c)
net.razorvine:pyrolite:4.13 (1 constraints: eb0cb829)
net.sf.kosmosfs:kfs:0.3 (1 constraints: fd077074)
net.sf.opencsv:opencsv:2.3 (2 constraints: a218daa5)
net.sf.py4j:py4j:0.10.8.1 (1 constraints: a90d225f)
org.antlr:ST4:4.0.4 (3 constraints: 5521e4e4)
org.antlr:antlr-runtime:3.5.2 (7 constraints: 0a55678d)
org.antlr:antlr4-runtime:4.7.1 (1 constraints: d90e937c)
org.apache.arrow:arrow-format:0.12.0 (1 constraints: 210ded21)
org.apache.arrow:arrow-memory:0.12.0 (1 constraints: 210ded21)
org.apache.arrow:arrow-vector:0.12.0 (2 constraints: 62188bef)
org.apache.avro:avro:1.8.2 (5 constraints: 0e3c308a)
org.apache.avro:avro-ipc:1.8.2 (1 constraints: f90b5bf4)
org.apache.avro:avro-mapred:1.8.2 (2 constraints: 3a1a4787)
org.apache.calcite:calcite-avatica:1.2.0-incubating (2 constraints: a0237b5d)
org.apache.calcite:calcite-core:1.16.0 (3 constraints: 9f2a1916)
org.apache.calcite:calcite-linq4j:1.16.0 (2 constraints: 8e1bc1be)
org.apache.calcite.avatica:avatica-core:1.11.0 (1 constraints: 8b0d393a)
org.apache.calcite.avatica:avatica-metrics:1.11.0 (1 constraints: 96103fc4)
org.apache.commons:commons-compress:1.9 (6 constraints: 734a21aa)
org.apache.commons:commons-configuration2:2.1.1 (1 constraints: 880d392f)
org.apache.commons:commons-crypto:1.0.0 (4 constraints: 5837edbd)
org.apache.commons:commons-lang3:3.8.1 (16 constraints: 18da051b)
org.apache.commons:commons-math3:3.6.1 (2 constraints: a31af890)
org.apache.commons:commons-text:1.4 (1 constraints: 2b0d5a14)
org.apache.curator:curator-client:4.0.0 (5 constraints: cb507dd3)
org.apache.curator:curator-framework:4.0.0 (8 constraints: b86f2851)
org.apache.curator:curator-recipes:2.13.0 (3 constraints: 642bc497)
org.apache.derby:derby:10.14.1.0 (4 constraints: ea3e4f66)
org.apache.hadoop:hadoop-annotations:3.2.0-palantir.8 (18 constraints: c993f191)
org.apache.hadoop:hadoop-auth:3.2.0-palantir.8 (4 constraints: b445fa44)
org.apache.hadoop:hadoop-client:3.2.0-palantir.8 (2 constraints: fe197536)
org.apache.hadoop:hadoop-common:3.2.0-palantir.8 (8 constraints: ba854d72)
org.apache.hadoop:hadoop-hdfs:3.2.0-palantir.8 (4 constraints: 213d8ff9)
org.apache.hadoop:hadoop-hdfs-client:3.2.0-palantir.8 (4 constraints: 46520ead)
org.apache.hadoop:hadoop-mapreduce-client-common:3.2.0-palantir.8 (4 constraints: b45ecb65)
org.apache.hadoop:hadoop-mapreduce-client-core:3.2.0-palantir.8 (4 constraints: 024617df)
org.apache.hadoop:hadoop-mapreduce-client-jobclient:3.2.0-palantir.8 (2 constraints: 092581f4)
org.apache.hadoop:hadoop-yarn-api:3.2.0-palantir.8 (12 constraints: 490dd6af)
org.apache.hadoop:hadoop-yarn-client:3.2.0-palantir.8 (3 constraints: 974029bd)
org.apache.hadoop:hadoop-yarn-common:3.2.0-palantir.8 (11 constraints: 0e04b388)
org.apache.hive:hive-standalone-metastore:3.1.0 (2 constraints: 3a12381a)
org.apache.hive:hive-storage-api:2.7.0 (3 constraints: bb271494)
org.apache.htrace:htrace-core4:4.1.0-incubating (2 constraints: cf2220fb)
org.apache.httpcomponents:httpclient:4.5.6 (5 constraints: 0e44acd2)
org.apache.httpcomponents:httpcore:4.4.10 (3 constraints: fd2c35de)
org.apache.ivy:ivy:2.4.0 (3 constraints: 0826dbf1)
org.apache.kerby:kerb-admin:1.0.1 (1 constraints: 840d892f)
org.apache.kerby:kerb-client:1.0.1 (1 constraints: 840d892f)
org.apache.kerby:kerb-common:1.0.1 (2 constraints: a51841ca)
org.apache.kerby:kerb-core:1.0.1 (5 constraints: 143f3eac)
org.apache.kerby:kerb-crypto:1.0.1 (2 constraints: d617fe96)
org.apache.kerby:kerb-identity:1.0.1 (1 constraints: 5f0cb602)
org.apache.kerby:kerb-server:1.0.1 (1 constraints: d10b65f2)
org.apache.kerby:kerb-simplekdc:1.0.1 (2 constraints: 341ac83a)
org.apache.kerby:kerb-util:1.0.1 (2 constraints: 1718f1a8)
org.apache.kerby:kerby-asn1:1.0.1 (1 constraints: fd0be9f4)
org.apache.kerby:kerby-config:1.0.1 (4 constraints: 4d3182b9)
org.apache.kerby:kerby-pkix:1.0.1 (1 constraints: 710bfce4)
org.apache.kerby:kerby-util:1.0.1 (2 constraints: 6518bdb6)
org.apache.kerby:kerby-xdr:1.0.1 (1 constraints: d10b65f2)
org.apache.kerby:token-provider:1.0.1 (1 constraints: 470c5e01)
org.apache.logging.log4j:log4j-1.2-api:2.10.0 (3 constraints: df2855f5)
org.apache.logging.log4j:log4j-api:2.10.0 (4 constraints: d23c35e7)
org.apache.logging.log4j:log4j-core:2.10.0 (3 constraints: 1d2ece57)
org.apache.logging.log4j:log4j-slf4j-impl:2.10.0 (4 constraints: 9a39a58e)
org.apache.orc:orc-core:1.5.4 (4 constraints: 432fd399)
org.apache.orc:orc-mapreduce:1.5.4 (1 constraints: c20cc127)
org.apache.orc:orc-shims:1.5.4 (1 constraints: 400ae9bc)
org.apache.parquet:parquet-avro:1.12.0-palantir.6 (1 constraints: 2209a48c)
org.apache.parquet:parquet-column:1.12.0-palantir.6 (3 constraints: 5b355c1e)
org.apache.parquet:parquet-common:1.12.0-palantir.6 (2 constraints: 2626d081)
org.apache.parquet:parquet-encoding:1.12.0-palantir.6 (1 constraints: b712e91f)
org.apache.parquet:parquet-format-structures:1.12.0-palantir.6 (3 constraints: 3537cdae)
org.apache.parquet:parquet-hadoop:1.12.0-palantir.6 (2 constraints: b8228271)
org.apache.parquet:parquet-jackson:1.12.0-palantir.6 (1 constraints: a412061e)
org.apache.pig:pig:0.14.0 (1 constraints: 37052f3b)
org.apache.spark:spark-catalyst_2.11:3.0.0-palantir.27-2-g48e2590 (1 constraints: 6e1395a5)
org.apache.spark:spark-core_2.11:3.0.0-palantir.27-2-g48e2590 (3 constraints: b93ce617)
org.apache.spark:spark-hive_2.11:3.0.0-palantir.27-2-g48e2590 (1 constraints: b80b7d02)
org.apache.spark:spark-kvstore_2.11:3.0.0-palantir.27-2-g48e2590 (1 constraints: c7139dbc)
org.apache.spark:spark-launcher_2.11:3.0.0-palantir.27-2-g48e2590 (1 constraints: c7139dbc)
org.apache.spark:spark-network-common_2.11:3.0.0-palantir.27-2-g48e2590 (2 constraints: 082ca277)
org.apache.spark:spark-network-shuffle_2.11:3.0.0-palantir.27-2-g48e2590 (1 constraints: c7139dbc)
org.apache.spark:spark-sketch_2.11:3.0.0-palantir.27-2-g48e2590 (2 constraints: f028341b)
org.apache.spark:spark-sql_2.11:3.0.0-palantir.27-2-g48e2590 (1 constraints: ca1316bd)
org.apache.spark:spark-tags_2.11:3.0.0-palantir.27-2-g48e2590 (7 constraints: 8e90ffc1)
org.apache.spark:spark-unsafe_2.11:3.0.0-palantir.27-2-g48e2590 (2 constraints: 4929be47)
org.apache.thrift:libfb303:0.9.3 (5 constraints: c6447138)
org.apache.thrift:libthrift:0.9.3 (8 constraints: 596c0f08)
org.apache.xbean:xbean-asm7-shaded:4.12 (2 constraints: 7a195b3c)
org.apache.yetus:audience-annotations:0.7.0 (9 constraints: 727fd2a5)
org.apache.zookeeper:zookeeper:3.5.3-beta (13 constraints: 2cc249d6)
org.checkerframework:checker-compat-qual:2.0.0 (1 constraints: 140ae5b4)
org.codehaus.jackson:jackson-core-asl:1.9.13 (9 constraints: 5b70d412)
org.codehaus.jackson:jackson-jaxrs:1.9.2 (1 constraints: da0befeb)
org.codehaus.jackson:jackson-mapper-asl:1.9.13 (9 constraints: bc6c6f50)
org.codehaus.jackson:jackson-xc:1.9.2 (1 constraints: da0befeb)
org.codehaus.janino:commons-compiler:3.0.11 (3 constraints: 5c289516)
org.codehaus.janino:janino:3.0.11 (2 constraints: 681cc320)
org.codehaus.jettison:jettison:1.1 (4 constraints: a84e24a9)
org.codehaus.mojo:animal-sniffer-annotations:1.14 (1 constraints: ea09d5aa)
org.codehaus.woodstox:stax2-api:3.1.4 (2 constraints: ba1d4a4d)
org.datanucleus:datanucleus-api-jdo:4.2.4 (2 constraints: af2177a2)
org.datanucleus:datanucleus-core:4.1.17 (5 constraints: ae488e5f)
org.datanucleus:datanucleus-rdbms:4.1.19 (2 constraints: e721c0bd)
org.datanucleus:javax.jdo:3.2.0-m3 (1 constraints: 5912ae15)
org.eclipse.jdt:core:3.1.1 (1 constraints: b40a38d8)
org.eclipse.jetty:jetty-http:9.3.24.v20180605 (3 constraints: 302e51d2)
org.eclipse.jetty:jetty-io:9.3.24.v20180605 (2 constraints: d61ff8b0)
org.eclipse.jetty:jetty-security:9.3.24.v20180605 (1 constraints: 691033e2)
org.eclipse.jetty:jetty-server:9.3.24.v20180605 (6 constraints: 7c646036)
org.eclipse.jetty:jetty-servlet:9.3.24.v20180605 (3 constraints: 3c2eac02)
org.eclipse.jetty:jetty-util:9.3.24.v20180605 (9 constraints: 0b9da6c1)
org.eclipse.jetty:jetty-util-ajax:9.3.24.v20180605 (2 constraints: 802700bb)
org.eclipse.jetty:jetty-webapp:9.3.24.v20180605 (2 constraints: 5a1ed049)
org.eclipse.jetty:jetty-xml:9.3.24.v20180605 (1 constraints: e30f11cb)
org.fusesource.leveldbjni:leveldbjni-all:1.8 (9 constraints: 91a69ae7)
org.glassfish.hk2:hk2-api:2.5.0-b32 (5 constraints: 985605c5)
org.glassfish.hk2:hk2-locator:2.5.0-b32 (4 constraints: 3949d563)
org.glassfish.hk2:hk2-utils:2.5.0-b32 (2 constraints: 0519152b)
org.glassfish.hk2:osgi-resource-locator:1.0.1 (2 constraints: 79234465)
org.glassfish.hk2.external:aopalliance-repackaged:2.5.0-b32 (2 constraints: 0519152b)
org.glassfish.hk2.external:javax.inject:2.5.0-b32 (6 constraints: 4c710d12)
org.glassfish.jersey.bundles.repackaged:jersey-guava:2.25.1 (1 constraints: 251120d4)
org.glassfish.jersey.containers:jersey-container-servlet:2.25.1 (1 constraints: 4b0d1944)
org.glassfish.jersey.containers:jersey-container-servlet-core:2.25.1 (2 constraints: 68253411)
org.glassfish.jersey.core:jersey-client:2.25.1 (2 constraints: 7d1e69a4)
org.glassfish.jersey.core:jersey-common:2.25.1 (6 constraints: 6b741957)
org.glassfish.jersey.core:jersey-server:2.25.1 (3 constraints: 5b3f1558)
org.glassfish.jersey.media:jersey-media-jaxb:2.25.1 (1 constraints: 3311f9d4)
org.hamcrest:hamcrest-core:1.3 (1 constraints: cc05fe3f)
org.iq80.snappy:snappy:0.2 (1 constraints: 890d5927)
org.javassist:javassist:3.20.0-GA (1 constraints: 4f0d1a40)
org.jodd:jodd-core:3.5.2 (2 constraints: 0c1bda93)
org.json4s:json4s-ast_2.11:3.5.3 (1 constraints: 0c0b9ae9)
org.json4s:json4s-core_2.11:3.5.3 (1 constraints: 4c0c5316)
org.json4s:json4s-jackson_2.11:3.5.3 (1 constraints: 1c0dd336)
org.json4s:json4s-scalap_2.11:3.5.3 (1 constraints: 0c0b9ae9)
org.lz4:lz4-java:1.5.0 (1 constraints: 170dc636)
org.mortbay.jetty:jetty:6.1.26 (1 constraints: 9708a78d)
org.mortbay.jetty:jetty-util:6.1.26 (2 constraints: a9136d7c)
org.mortbay.jetty:jsp-2.1:6.1.14 (1 constraints: 9408a38d)
org.mortbay.jetty:jsp-api-2.1:6.1.14 (2 constraints: 7e130c9d)
org.mortbay.jetty:servlet-api:2.5-20081211 (1 constraints: 390cbd19)
org.mortbay.jetty:servlet-api-2.5:6.1.14 (2 constraints: e51482f7)
org.objenesis:objenesis:2.5.1 (2 constraints: 4a282ad7)
org.ow2.asm:asm:5.0.4 (1 constraints: 560c46fc)
org.roaringbitmap:RoaringBitmap:0.7.16 (1 constraints: 4f0d1744)
org.scala-lang:scala-library:2.11.12 (11 constraints: 5c9bfe44)
org.scala-lang:scala-reflect:2.11.12 (2 constraints: ab1cef79)
org.scala-lang.modules:scala-parser-combinators_2.11:1.1.0 (1 constraints: cf0e717c)
org.scala-lang.modules:scala-xml_2.11:1.0.6 (1 constraints: 080b84e9)
org.slf4j:jcl-over-slf4j:1.7.25 (1 constraints: 500d1e44)
org.slf4j:jul-to-slf4j:1.7.25 (1 constraints: 500d1e44)
org.slf4j:slf4j-api:1.8.0-alpha2 (67 constraints: 9bbfab5c)
org.spark-project.hive:hive-exec:1.2.1.spark2 (1 constraints: 990fa09c)
org.spark-project.hive:hive-metastore:1.2.1.spark2 (1 constraints: 990fa09c)
org.spark-project.spark:unused:1.0.0 (11 constraints: 7a9e9eab)
org.tukaani:xz:1.5 (1 constraints: f008458a)
org.xerial.snappy:snappy-java:1.1.7.3 (3 constraints: 1126203f)
org.yaml:snakeyaml:1.23 (1 constraints: 6e17f627)
oro:oro:2.0.8 (3 constraints: 3b229337)
sqlline:sqlline:1.3.0 (1 constraints: 8b1160df)
stax:stax-api:1.0.1 (2 constraints: ea186edd)
tomcat:jasper-compiler:5.5.12 (1 constraints: 9508ab8d)
tomcat:jasper-runtime:5.5.12 (1 constraints: 9508ab8d)
xmlenc:xmlenc:0.52 (1 constraints: 3108a37c)

[Test dependencies]
ch.qos.logback:logback-classic:1.0.9 (3 constraints: d3258a88)
ch.qos.logback:logback-core:1.0.9 (4 constraints: dd32435a)
co.cask.tephra:tephra-api:0.6.0 (3 constraints: 0828ded1)
co.cask.tephra:tephra-core:0.6.0 (2 constraints: 831cd90d)
co.cask.tephra:tephra-hbase-compat-1.0:0.6.0 (1 constraints: 370d6920)
com.cedarsoftware:java-util:1.9.0 (1 constraints: 670a3cba)
com.cedarsoftware:json-io:2.5.1 (1 constraints: 3e0c9bfb)
com.github.stephenc.findbugs:findbugs-annotations:1.3.9-1 (1 constraints: ff0c7827)
com.google.inject.extensions:guice-assistedinject:3.0 (1 constraints: 250b42ce)
com.microsoft.sqlserver:mssql-jdbc:6.2.1.jre7 (1 constraints: de137765)
com.tdunning:json:1.8 (1 constraints: 910b72db)
com.vlkan:flatbuffers:1.2.0-3f79e055 (1 constraints: a80def56)
com.zaxxer:HikariCP-java7:2.4.12 (1 constraints: 6812d417)
de.ruedigermoeller:fst:2.50 (1 constraints: 161af2be)
it.unimi.dsi:fastutil:6.5.6 (1 constraints: 910b3ce5)
net.sf.jpam:jpam:1.1 (1 constraints: 8a0b6bdb)
org.apache.ant:ant:1.9.1 (3 constraints: 262660e7)
org.apache.ant:ant-launcher:1.9.1 (1 constraints: 69082485)
org.apache.calcite:calcite-druid:1.16.0 (1 constraints: 3a0b28e2)
org.apache.calcite.avatica:avatica:1.11.0 (1 constraints: 350b19e2)
org.apache.commons:commons-collections4:4.1 (1 constraints: 3b0c9af4)
org.apache.commons:commons-csv:1.0 (1 constraints: 9115b4a3)
org.apache.curator:apache-curator:2.12.0 (3 constraints: d725e5ef)
org.apache.geronimo.specs:geronimo-jcache_1.0_spec:1.0-alpha-1 (1 constraints: 6314cf7b)
org.apache.hadoop:hadoop-mapreduce-client-app:3.2.0-palantir.8 (2 constraints: f4295727)
org.apache.hadoop:hadoop-mapreduce-client-hs:3.2.0-palantir.8 (1 constraints: 9d135849)
org.apache.hadoop:hadoop-mapreduce-client-shuffle:3.2.0-palantir.8 (1 constraints: be16c713)
org.apache.hadoop:hadoop-minicluster:3.2.0-palantir.8 (1 constraints: f5087285)
org.apache.hadoop:hadoop-yarn-registry:3.2.0-palantir.8 (3 constraints: 4039d827)
org.apache.hadoop:hadoop-yarn-server-applicationhistoryservice:3.2.0-palantir.8 (2 constraints: bc3305f8)
org.apache.hadoop:hadoop-yarn-server-common:3.2.0-palantir.8 (7 constraints: 7daf303c)
org.apache.hadoop:hadoop-yarn-server-nodemanager:3.2.0-palantir.8 (2 constraints: 352e1837)
org.apache.hadoop:hadoop-yarn-server-resourcemanager:3.2.0-palantir.8 (2 constraints: 9224783f)
org.apache.hadoop:hadoop-yarn-server-tests:3.2.0-palantir.8 (1 constraints: 9d135849)
org.apache.hadoop:hadoop-yarn-server-timelineservice:3.2.0-palantir.8 (1 constraints: cc15ccce)
org.apache.hadoop:hadoop-yarn-server-web-proxy:3.2.0-palantir.8 (2 constraints: 99303652)
org.apache.hbase:hbase-client:2.0.0-alpha4 (1 constraints: 9a0f5186)
org.apache.hbase:hbase-common:2.0.0-alpha4 (4 constraints: ff40761d)
org.apache.hbase:hbase-hadoop-compat:2.0.0-alpha4 (2 constraints: c4200f86)
org.apache.hbase:hbase-hadoop2-compat:2.0.0-alpha4 (1 constraints: f30e706e)
org.apache.hbase:hbase-metrics:2.0.0-alpha4 (1 constraints: d21149ff)
org.apache.hbase:hbase-metrics-api:2.0.0-alpha4 (3 constraints: db325e75)
org.apache.hbase:hbase-protocol:2.0.0-alpha4 (1 constraints: f30e706e)
org.apache.hbase:hbase-protocol-shaded:2.0.0-alpha4 (1 constraints: f30e706e)
org.apache.hbase.thirdparty:hbase-shaded-miscellaneous:1.0.1 (6 constraints: 3053312c)
org.apache.hbase.thirdparty:hbase-shaded-netty:1.0.1 (1 constraints: 8c0c0d0d)
org.apache.hbase.thirdparty:hbase-shaded-protobuf:1.0.1 (2 constraints: a01cadfc)
org.apache.hive:hive-classification:3.1.0 (2 constraints: ad198718)
org.apache.hive:hive-common:3.1.0 (4 constraints: 71337726)
org.apache.hive:hive-exec:3.1.0 (1 constraints: 0605fd35)
org.apache.hive:hive-llap-client:3.1.0 (1 constraints: 8a0caa0d)
org.apache.hive:hive-llap-common:3.1.0 (1 constraints: b60dfb3a)
org.apache.hive:hive-llap-tez:3.1.0 (1 constraints: 060bead6)
org.apache.hive:hive-metastore:3.1.0 (1 constraints: 0605fd35)
org.apache.hive:hive-serde:3.1.0 (2 constraints: f41a2874)
org.apache.hive:hive-service-rpc:3.1.0 (1 constraints: 740bbbe4)
org.apache.hive:hive-shims:3.1.0 (4 constraints: 962fb1d3)
org.apache.hive:hive-upgrade-acid:3.1.0 (14 constraints: 3cc01dd2)
org.apache.hive:hive-vector-code-gen:3.1.0 (1 constraints: 060bead6)
org.apache.hive.shims:hive-shims-0.23:3.1.0 (1 constraints: 850b65e5)
org.apache.hive.shims:hive-shims-common:3.1.0 (3 constraints: 0d2cd9a9)
org.apache.hive.shims:hive-shims-scheduler:3.1.0 (1 constraints: 850b65e5)
org.apache.htrace:htrace-core:3.2.0-incubating (2 constraints: c921ca9b)
org.apache.logging.log4j:log4j-web:2.10.0 (1 constraints: 190c2bff)
org.apache.parquet:parquet-hadoop-bundle:1.10.0 (1 constraints: a20b55f0)
org.apache.twill:twill-api:0.6.0-incubating (2 constraints: e422b4e1)
org.apache.twill:twill-common:0.6.0-incubating (4 constraints: 3d467991)
org.apache.twill:twill-core:0.6.0-incubating (1 constraints: d70f9d7c)
org.apache.twill:twill-discovery-api:0.6.0-incubating (3 constraints: 25345d4c)
org.apache.twill:twill-discovery-core:0.6.0-incubating (2 constraints: 332039f9)
org.apache.twill:twill-zookeeper:0.6.0-incubating (3 constraints: 94341288)
org.apache.velocity:velocity:1.5 (1 constraints: c70e875e)
org.codehaus.groovy:groovy-all:2.4.11 (1 constraints: 3a0b29e2)
org.eclipse.jetty:jetty-client:9.3.20.v20170531 (1 constraints: 5f10cde1)
org.eclipse.jetty:jetty-rewrite:9.3.20.v20170531 (1 constraints: 5b0ed785)
org.ehcache:ehcache:3.3.1 (1 constraints: 36126e05)
org.jruby.jcodings:jcodings:1.0.18 (2 constraints: fa15cf29)
org.jruby.joni:joni:2.1.11 (1 constraints: bf0cd419)
org.mockito:mockito-all:1.10.19 (1 constraints: 6e059840)
org.ow2.asm:asm-all:5.0.2 (1 constraints: 0d0ceaf6)
org.slf4j:slf4j-simple:1.7.5 (1 constraints: 0f050a36)
